// !$*UTF8*$!
{
	archiveVersion = 1;
	classes = {
	};
	objectVersion = 56;
	objects = {

/* Begin PBXBuildFile section */
		6723A4382B253B870009C45C /* LoginfirebaseApp.swift in Sources */ = {isa = PBXBuildFile; fileRef = 6723A4372B253B870009C45C /* LoginfirebaseApp.swift */; };
		6723A43A2B253B870009C45C /* ContentView.swift in Sources */ = {isa = PBXBuildFile; fileRef = 6723A4392B253B870009C45C /* ContentView.swift */; };
		6723A43C2B253B880009C45C /* Assets.xcassets in Resources */ = {isa = PBXBuildFile; fileRef = 6723A43B2B253B880009C45C /* Assets.xcassets */; };
		6723A43F2B253B880009C45C /* Preview Assets.xcassets in Resources */ = {isa = PBXBuildFile; fileRef = 6723A43E2B253B880009C45C /* Preview Assets.xcassets */; };
		6723A44C2B253EE40009C45C /* GoogleService-Info.plist in Resources */ = {isa = PBXBuildFile; fileRef = 6723A44B2B253EE40009C45C /* GoogleService-Info.plist */; };
		6723A44F2B253F170009C45C /* FirebaseAnalytics in Frameworks */ = {isa = PBXBuildFile; productRef = 6723A44E2B253F170009C45C /* FirebaseAnalytics */; };
		6723A4512B253F170009C45C /* FirebaseAnalyticsOnDeviceConversion in Frameworks */ = {isa = PBXBuildFile; productRef = 6723A4502B253F170009C45C /* FirebaseAnalyticsOnDeviceConversion */; };
		6723A4532B253F170009C45C /* FirebaseAnalyticsSwift in Frameworks */ = {isa = PBXBuildFile; productRef = 6723A4522B253F170009C45C /* FirebaseAnalyticsSwift */; };
		6723A4552B253F170009C45C /* FirebaseAnalyticsWithoutAdIdSupport in Frameworks */ = {isa = PBXBuildFile; productRef = 6723A4542B253F170009C45C /* FirebaseAnalyticsWithoutAdIdSupport */; };
		6723A4572B253F170009C45C /* FirebaseAppCheck in Frameworks */ = {isa = PBXBuildFile; productRef = 6723A4562B253F170009C45C /* FirebaseAppCheck */; };
		6723A4592B253F170009C45C /* FirebaseAppDistribution-Beta in Frameworks */ = {isa = PBXBuildFile; productRef = 6723A4582B253F170009C45C /* FirebaseAppDistribution-Beta */; };
		6723A45B2B253F170009C45C /* FirebaseAuth in Frameworks */ = {isa = PBXBuildFile; productRef = 6723A45A2B253F170009C45C /* FirebaseAuth */; };
		6723A45D2B253F170009C45C /* FirebaseAuthCombine-Community in Frameworks */ = {isa = PBXBuildFile; productRef = 6723A45C2B253F170009C45C /* FirebaseAuthCombine-Community */; };
		6723A45F2B253F170009C45C /* FirebaseCrashlytics in Frameworks */ = {isa = PBXBuildFile; productRef = 6723A45E2B253F170009C45C /* FirebaseCrashlytics */; };
		6723A4612B253F170009C45C /* FirebaseDatabase in Frameworks */ = {isa = PBXBuildFile; productRef = 6723A4602B253F170009C45C /* FirebaseDatabase */; };
		6723A4632B253F170009C45C /* FirebaseDatabaseSwift in Frameworks */ = {isa = PBXBuildFile; productRef = 6723A4622B253F170009C45C /* FirebaseDatabaseSwift */; };
		6723A4652B253F170009C45C /* FirebaseDynamicLinks in Frameworks */ = {isa = PBXBuildFile; productRef = 6723A4642B253F170009C45C /* FirebaseDynamicLinks */; };
		6723A4672B253F170009C45C /* FirebaseFirestore in Frameworks */ = {isa = PBXBuildFile; productRef = 6723A4662B253F170009C45C /* FirebaseFirestore */; };
		6723A4692B253F170009C45C /* FirebaseFirestoreCombine-Community in Frameworks */ = {isa = PBXBuildFile; productRef = 6723A4682B253F170009C45C /* FirebaseFirestoreCombine-Community */; };
		6723A46B2B253F170009C45C /* FirebaseFirestoreSwift in Frameworks */ = {isa = PBXBuildFile; productRef = 6723A46A2B253F170009C45C /* FirebaseFirestoreSwift */; };
		6723A46D2B253F170009C45C /* FirebaseFunctions in Frameworks */ = {isa = PBXBuildFile; productRef = 6723A46C2B253F170009C45C /* FirebaseFunctions */; };
		6723A46F2B253F170009C45C /* FirebaseFunctionsCombine-Community in Frameworks */ = {isa = PBXBuildFile; productRef = 6723A46E2B253F170009C45C /* FirebaseFunctionsCombine-Community */; };
		6723A4712B253F170009C45C /* FirebaseInAppMessaging-Beta in Frameworks */ = {isa = PBXBuildFile; productRef = 6723A4702B253F170009C45C /* FirebaseInAppMessaging-Beta */; };
		6723A4732B253F170009C45C /* FirebaseInAppMessagingSwift-Beta in Frameworks */ = {isa = PBXBuildFile; productRef = 6723A4722B253F170009C45C /* FirebaseInAppMessagingSwift-Beta */; };
		6723A4752B253F170009C45C /* FirebaseInstallations in Frameworks */ = {isa = PBXBuildFile; productRef = 6723A4742B253F170009C45C /* FirebaseInstallations */; };
		6723A4772B253F170009C45C /* FirebaseMLModelDownloader in Frameworks */ = {isa = PBXBuildFile; productRef = 6723A4762B253F170009C45C /* FirebaseMLModelDownloader */; };
		6723A4792B253F170009C45C /* FirebaseMessaging in Frameworks */ = {isa = PBXBuildFile; productRef = 6723A4782B253F170009C45C /* FirebaseMessaging */; };
		6723A47B2B253F170009C45C /* FirebasePerformance in Frameworks */ = {isa = PBXBuildFile; productRef = 6723A47A2B253F170009C45C /* FirebasePerformance */; };
		6723A47D2B253F170009C45C /* FirebaseRemoteConfig in Frameworks */ = {isa = PBXBuildFile; productRef = 6723A47C2B253F170009C45C /* FirebaseRemoteConfig */; };
		6723A47F2B253F170009C45C /* FirebaseRemoteConfigSwift in Frameworks */ = {isa = PBXBuildFile; productRef = 6723A47E2B253F170009C45C /* FirebaseRemoteConfigSwift */; };
		6723A4812B253F170009C45C /* FirebaseStorage in Frameworks */ = {isa = PBXBuildFile; productRef = 6723A4802B253F170009C45C /* FirebaseStorage */; };
		6723A4832B253F170009C45C /* FirebaseStorageCombine-Community in Frameworks */ = {isa = PBXBuildFile; productRef = 6723A4822B253F170009C45C /* FirebaseStorageCombine-Community */; };
		6723A4862B2540B10009C45C /* AuthView.swift in Sources */ = {isa = PBXBuildFile; fileRef = 6723A4852B2540B10009C45C /* AuthView.swift */; };
/* End PBXBuildFile section */

/* Begin PBXFileReference section */
		6723A4342B253B870009C45C /* Loginfirebase.app */ = {isa = PBXFileReference; explicitFileType = wrapper.application; includeInIndex = 0; path = Loginfirebase.app; sourceTree = BUILT_PRODUCTS_DIR; };
		6723A4372B253B870009C45C /* LoginfirebaseApp.swift */ = {isa = PBXFileReference; lastKnownFileType = sourcecode.swift; path = LoginfirebaseApp.swift; sourceTree = "<group>"; };
		6723A4392B253B870009C45C /* ContentView.swift */ = {isa = PBXFileReference; lastKnownFileType = sourcecode.swift; path = ContentView.swift; sourceTree = "<group>"; };
		6723A43B2B253B880009C45C /* Assets.xcassets */ = {isa = PBXFileReference; lastKnownFileType = folder.assetcatalog; path = Assets.xcassets; sourceTree = "<group>"; };
		6723A43E2B253B880009C45C /* Preview Assets.xcassets */ = {isa = PBXFileReference; lastKnownFileType = folder.assetcatalog; path = "Preview Assets.xcassets"; sourceTree = "<group>"; };
		6723A44B2B253EE40009C45C /* GoogleService-Info.plist */ = {isa = PBXFileReference; fileEncoding = 4; lastKnownFileType = text.plist.xml; name = "GoogleService-Info.plist"; path = "../../../Downloads/GoogleService-Info.plist"; sourceTree = "<group>"; };
		6723A4852B2540B10009C45C /* AuthView.swift */ = {isa = PBXFileReference; lastKnownFileType = sourcecode.swift; path = AuthView.swift; sourceTree = "<group>"; };
/* End PBXFileReference section */

/* Begin PBXFrameworksBuildPhase section */
		6723A4312B253B870009C45C /* Frameworks */ = {
			isa = PBXFrameworksBuildPhase;
			buildActionMask = 2147483647;
			files = (
				6723A4612B253F170009C45C /* FirebaseDatabase in Frameworks */,
				6723A46F2B253F170009C45C /* FirebaseFunctionsCombine-Community in Frameworks */,
				6723A4672B253F170009C45C /* FirebaseFirestore in Frameworks */,
				6723A4532B253F170009C45C /* FirebaseAnalyticsSwift in Frameworks */,
				6723A44F2B253F170009C45C /* FirebaseAnalytics in Frameworks */,
				6723A4512B253F170009C45C /* FirebaseAnalyticsOnDeviceConversion in Frameworks */,
				6723A4772B253F170009C45C /* FirebaseMLModelDownloader in Frameworks */,
				6723A46B2B253F170009C45C /* FirebaseFirestoreSwift in Frameworks */,
				6723A4572B253F170009C45C /* FirebaseAppCheck in Frameworks */,
				6723A4552B253F170009C45C /* FirebaseAnalyticsWithoutAdIdSupport in Frameworks */,
				6723A45B2B253F170009C45C /* FirebaseAuth in Frameworks */,
				6723A45F2B253F170009C45C /* FirebaseCrashlytics in Frameworks */,
				6723A47F2B253F170009C45C /* FirebaseRemoteConfigSwift in Frameworks */,
				6723A4712B253F170009C45C /* FirebaseInAppMessaging-Beta in Frameworks */,
				6723A4632B253F170009C45C /* FirebaseDatabaseSwift in Frameworks */,
				6723A46D2B253F170009C45C /* FirebaseFunctions in Frameworks */,
				6723A4832B253F170009C45C /* FirebaseStorageCombine-Community in Frameworks */,
				6723A47D2B253F170009C45C /* FirebaseRemoteConfig in Frameworks */,
				6723A4592B253F170009C45C /* FirebaseAppDistribution-Beta in Frameworks */,
				6723A45D2B253F170009C45C /* FirebaseAuthCombine-Community in Frameworks */,
				6723A47B2B253F170009C45C /* FirebasePerformance in Frameworks */,
				6723A4732B253F170009C45C /* FirebaseInAppMessagingSwift-Beta in Frameworks */,
				6723A4812B253F170009C45C /* FirebaseStorage in Frameworks */,
				6723A4652B253F170009C45C /* FirebaseDynamicLinks in Frameworks */,
				6723A4692B253F170009C45C /* FirebaseFirestoreCombine-Community in Frameworks */,
				6723A4792B253F170009C45C /* FirebaseMessaging in Frameworks */,
				6723A4752B253F170009C45C /* FirebaseInstallations in Frameworks */,
			);
			runOnlyForDeploymentPostprocessing = 0;
		};
/* End PBXFrameworksBuildPhase section */

/* Begin PBXGroup section */
		6723A42B2B253B870009C45C = {
			isa = PBXGroup;
			children = (
				6723A4362B253B870009C45C /* Loginfirebase */,
				6723A4352B253B870009C45C /* Products */,
			);
			sourceTree = "<group>";
		};
		6723A4352B253B870009C45C /* Products */ = {
			isa = PBXGroup;
			children = (
				6723A4342B253B870009C45C /* Loginfirebase.app */,
			);
			name = Products;
			sourceTree = "<group>";
		};
		6723A4362B253B870009C45C /* Loginfirebase */ = {
			isa = PBXGroup;
			children = (
				6723A4842B2540920009C45C /* Auth */,
				6723A4372B253B870009C45C /* LoginfirebaseApp.swift */,
				6723A4392B253B870009C45C /* ContentView.swift */,
				6723A44B2B253EE40009C45C /* GoogleService-Info.plist */,
				6723A43B2B253B880009C45C /* Assets.xcassets */,
				6723A43D2B253B880009C45C /* Preview Content */,
			);
			path = Loginfirebase;
			sourceTree = "<group>";
		};
		6723A43D2B253B880009C45C /* Preview Content */ = {
			isa = PBXGroup;
			children = (
				6723A43E2B253B880009C45C /* Preview Assets.xcassets */,
			);
			path = "Preview Content";
			sourceTree = "<group>";
		};
		6723A4842B2540920009C45C /* Auth */ = {
			isa = PBXGroup;
			children = (
				6723A4852B2540B10009C45C /* AuthView.swift */,
			);
			path = Auth;
			sourceTree = "<group>";
		};
/* End PBXGroup section */

/* Begin PBXNativeTarget section */
		6723A4332B253B870009C45C /* Loginfirebase */ = {
			isa = PBXNativeTarget;
			buildConfigurationList = 6723A4422B253B880009C45C /* Build configuration list for PBXNativeTarget "Loginfirebase" */;
			buildPhases = (
				6723A4302B253B870009C45C /* Sources */,
				6723A4312B253B870009C45C /* Frameworks */,
				6723A4322B253B870009C45C /* Resources */,
			);
			buildRules = (
			);
			dependencies = (
			);
			name = Loginfirebase;
			packageProductDependencies = (
				6723A44E2B253F170009C45C /* FirebaseAnalytics */,
				6723A4502B253F170009C45C /* FirebaseAnalyticsOnDeviceConversion */,
				6723A4522B253F170009C45C /* FirebaseAnalyticsSwift */,
				6723A4542B253F170009C45C /* FirebaseAnalyticsWithoutAdIdSupport */,
				6723A4562B253F170009C45C /* FirebaseAppCheck */,
				6723A4582B253F170009C45C /* FirebaseAppDistribution-Beta */,
				6723A45A2B253F170009C45C /* FirebaseAuth */,
				6723A45C2B253F170009C45C /* FirebaseAuthCombine-Community */,
				6723A45E2B253F170009C45C /* FirebaseCrashlytics */,
				6723A4602B253F170009C45C /* FirebaseDatabase */,
				6723A4622B253F170009C45C /* FirebaseDatabaseSwift */,
				6723A4642B253F170009C45C /* FirebaseDynamicLinks */,
				6723A4662B253F170009C45C /* FirebaseFirestore */,
				6723A4682B253F170009C45C /* FirebaseFirestoreCombine-Community */,
				6723A46A2B253F170009C45C /* FirebaseFirestoreSwift */,
				6723A46C2B253F170009C45C /* FirebaseFunctions */,
				6723A46E2B253F170009C45C /* FirebaseFunctionsCombine-Community */,
				6723A4702B253F170009C45C /* FirebaseInAppMessaging-Beta */,
				6723A4722B253F170009C45C /* FirebaseInAppMessagingSwift-Beta */,
				6723A4742B253F170009C45C /* FirebaseInstallations */,
				6723A4762B253F170009C45C /* FirebaseMLModelDownloader */,
				6723A4782B253F170009C45C /* FirebaseMessaging */,
				6723A47A2B253F170009C45C /* FirebasePerformance */,
				6723A47C2B253F170009C45C /* FirebaseRemoteConfig */,
				6723A47E2B253F170009C45C /* FirebaseRemoteConfigSwift */,
				6723A4802B253F170009C45C /* FirebaseStorage */,
				6723A4822B253F170009C45C /* FirebaseStorageCombine-Community */,
			);
			productName = Loginfirebase;
			productReference = 6723A4342B253B870009C45C /* Loginfirebase.app */;
			productType = "com.apple.product-type.application";
		};
/* End PBXNativeTarget section */

/* Begin PBXProject section */
		6723A42C2B253B870009C45C /* Project object */ = {
			isa = PBXProject;
			attributes = {
				BuildIndependentTargetsInParallel = 1;
				LastSwiftUpdateCheck = 1500;
				LastUpgradeCheck = 1500;
				TargetAttributes = {
					6723A4332B253B870009C45C = {
						CreatedOnToolsVersion = 15.0.1;
					};
				};
			};
			buildConfigurationList = 6723A42F2B253B870009C45C /* Build configuration list for PBXProject "Loginfirebase" */;
			compatibilityVersion = "Xcode 14.0";
			developmentRegion = en;
			hasScannedForEncodings = 0;
			knownRegions = (
				en,
				Base,
			);
			mainGroup = 6723A42B2B253B870009C45C;
			packageReferences = (
				6723A44D2B253F170009C45C /* XCRemoteSwiftPackageReference "firebase-ios-sdk" */,
			);
			productRefGroup = 6723A4352B253B870009C45C /* Products */;
			projectDirPath = "";
			projectRoot = "";
			targets = (
				6723A4332B253B870009C45C /* Loginfirebase */,
			);
		};
/* End PBXProject section */

/* Begin PBXResourcesBuildPhase section */
		6723A4322B253B870009C45C /* Resources */ = {
			isa = PBXResourcesBuildPhase;
			buildActionMask = 2147483647;
			files = (
				6723A43F2B253B880009C45C /* Preview Assets.xcassets in Resources */,
				6723A43C2B253B880009C45C /* Assets.xcassets in Resources */,
				6723A44C2B253EE40009C45C /* GoogleService-Info.plist in Resources */,
			);
			runOnlyForDeploymentPostprocessing = 0;
		};
/* End PBXResourcesBuildPhase section */

/* Begin PBXSourcesBuildPhase section */
		6723A4302B253B870009C45C /* Sources */ = {
			isa = PBXSourcesBuildPhase;
			buildActionMask = 2147483647;
			files = (
				6723A43A2B253B870009C45C /* ContentView.swift in Sources */,
				6723A4382B253B870009C45C /* LoginfirebaseApp.swift in Sources */,
				6723A4862B2540B10009C45C /* AuthView.swift in Sources */,
			);
			runOnlyForDeploymentPostprocessing = 0;
		};
/* End PBXSourcesBuildPhase section */

/* Begin XCBuildConfiguration section */
		6723A4402B253B880009C45C /* Debug */ = {
			isa = XCBuildConfiguration;
			buildSettings = {
				ALWAYS_SEARCH_USER_PATHS = NO;
				ASSETCATALOG_COMPILER_GENERATE_SWIFT_ASSET_SYMBOL_EXTENSIONS = YES;
				CLANG_ANALYZER_NONNULL = YES;
				CLANG_ANALYZER_NUMBER_OBJECT_CONVERSION = YES_AGGRESSIVE;
				CLANG_CXX_LANGUAGE_STANDARD = "gnu++20";
				CLANG_ENABLE_MODULES = YES;
				CLANG_ENABLE_OBJC_ARC = YES;
				CLANG_ENABLE_OBJC_WEAK = YES;
				CLANG_WARN_BLOCK_CAPTURE_AUTORELEASING = YES;
				CLANG_WARN_BOOL_CONVERSION = YES;
				CLANG_WARN_COMMA = YES;
				CLANG_WARN_CONSTANT_CONVERSION = YES;
				CLANG_WARN_DEPRECATED_OBJC_IMPLEMENTATIONS = YES;
				CLANG_WARN_DIRECT_OBJC_ISA_USAGE = YES_ERROR;
				CLANG_WARN_DOCUMENTATION_COMMENTS = YES;
				CLANG_WARN_EMPTY_BODY = YES;
				CLANG_WARN_ENUM_CONVERSION = YES;
				CLANG_WARN_INFINITE_RECURSION = YES;
				CLANG_WARN_INT_CONVERSION = YES;
				CLANG_WARN_NON_LITERAL_NULL_CONVERSION = YES;
				CLANG_WARN_OBJC_IMPLICIT_RETAIN_SELF = YES;
				CLANG_WARN_OBJC_LITERAL_CONVERSION = YES;
				CLANG_WARN_OBJC_ROOT_CLASS = YES_ERROR;
				CLANG_WARN_QUOTED_INCLUDE_IN_FRAMEWORK_HEADER = YES;
				CLANG_WARN_RANGE_LOOP_ANALYSIS = YES;
				CLANG_WARN_STRICT_PROTOTYPES = YES;
				CLANG_WARN_SUSPICIOUS_MOVE = YES;
				CLANG_WARN_UNGUARDED_AVAILABILITY = YES_AGGRESSIVE;
				CLANG_WARN_UNREACHABLE_CODE = YES;
				CLANG_WARN__DUPLICATE_METHOD_MATCH = YES;
				COPY_PHASE_STRIP = NO;
				DEBUG_INFORMATION_FORMAT = dwarf;
				ENABLE_STRICT_OBJC_MSGSEND = YES;
				ENABLE_TESTABILITY = YES;
				ENABLE_USER_SCRIPT_SANDBOXING = YES;
				GCC_C_LANGUAGE_STANDARD = gnu17;
				GCC_DYNAMIC_NO_PIC = NO;
				GCC_NO_COMMON_BLOCKS = YES;
				GCC_OPTIMIZATION_LEVEL = 0;
				GCC_PREPROCESSOR_DEFINITIONS = (
					"DEBUG=1",
					"$(inherited)",
				);
				GCC_WARN_64_TO_32_BIT_CONVERSION = YES;
				GCC_WARN_ABOUT_RETURN_TYPE = YES_ERROR;
				GCC_WARN_UNDECLARED_SELECTOR = YES;
				GCC_WARN_UNINITIALIZED_AUTOS = YES_AGGRESSIVE;
				GCC_WARN_UNUSED_FUNCTION = YES;
				GCC_WARN_UNUSED_VARIABLE = YES;
				IPHONEOS_DEPLOYMENT_TARGET = 17.0;
				LOCALIZATION_PREFERS_STRING_CATALOGS = YES;
				MTL_ENABLE_DEBUG_INFO = INCLUDE_SOURCE;
				MTL_FAST_MATH = YES;
				ONLY_ACTIVE_ARCH = YES;
				SDKROOT = iphoneos;
				SWIFT_ACTIVE_COMPILATION_CONDITIONS = "DEBUG $(inherited)";
				SWIFT_OPTIMIZATION_LEVEL = "-Onone";
			};
			name = Debug;
		};
		6723A4412B253B880009C45C /* Release */ = {
			isa = XCBuildConfiguration;
			buildSettings = {
				ALWAYS_SEARCH_USER_PATHS = NO;
				ASSETCATALOG_COMPILER_GENERATE_SWIFT_ASSET_SYMBOL_EXTENSIONS = YES;
				CLANG_ANALYZER_NONNULL = YES;
				CLANG_ANALYZER_NUMBER_OBJECT_CONVERSION = YES_AGGRESSIVE;
				CLANG_CXX_LANGUAGE_STANDARD = "gnu++20";
				CLANG_ENABLE_MODULES = YES;
				CLANG_ENABLE_OBJC_ARC = YES;
				CLANG_ENABLE_OBJC_WEAK = YES;
				CLANG_WARN_BLOCK_CAPTURE_AUTORELEASING = YES;
				CLANG_WARN_BOOL_CONVERSION = YES;
				CLANG_WARN_COMMA = YES;
				CLANG_WARN_CONSTANT_CONVERSION = YES;
				CLANG_WARN_DEPRECATED_OBJC_IMPLEMENTATIONS = YES;
				CLANG_WARN_DIRECT_OBJC_ISA_USAGE = YES_ERROR;
				CLANG_WARN_DOCUMENTATION_COMMENTS = YES;
				CLANG_WARN_EMPTY_BODY = YES;
				CLANG_WARN_ENUM_CONVERSION = YES;
				CLANG_WARN_INFINITE_RECURSION = YES;
				CLANG_WARN_INT_CONVERSION = YES;
				CLANG_WARN_NON_LITERAL_NULL_CONVERSION = YES;
				CLANG_WARN_OBJC_IMPLICIT_RETAIN_SELF = YES;
				CLANG_WARN_OBJC_LITERAL_CONVERSION = YES;
				CLANG_WARN_OBJC_ROOT_CLASS = YES_ERROR;
				CLANG_WARN_QUOTED_INCLUDE_IN_FRAMEWORK_HEADER = YES;
				CLANG_WARN_RANGE_LOOP_ANALYSIS = YES;
				CLANG_WARN_STRICT_PROTOTYPES = YES;
				CLANG_WARN_SUSPICIOUS_MOVE = YES;
				CLANG_WARN_UNGUARDED_AVAILABILITY = YES_AGGRESSIVE;
				CLANG_WARN_UNREACHABLE_CODE = YES;
				CLANG_WARN__DUPLICATE_METHOD_MATCH = YES;
				COPY_PHASE_STRIP = NO;
				DEBUG_INFORMATION_FORMAT = "dwarf-with-dsym";
				ENABLE_NS_ASSERTIONS = NO;
				ENABLE_STRICT_OBJC_MSGSEND = YES;
				ENABLE_USER_SCRIPT_SANDBOXING = YES;
				GCC_C_LANGUAGE_STANDARD = gnu17;
				GCC_NO_COMMON_BLOCKS = YES;
				GCC_WARN_64_TO_32_BIT_CONVERSION = YES;
				GCC_WARN_ABOUT_RETURN_TYPE = YES_ERROR;
				GCC_WARN_UNDECLARED_SELECTOR = YES;
				GCC_WARN_UNINITIALIZED_AUTOS = YES_AGGRESSIVE;
				GCC_WARN_UNUSED_FUNCTION = YES;
				GCC_WARN_UNUSED_VARIABLE = YES;
				IPHONEOS_DEPLOYMENT_TARGET = 17.0;
				LOCALIZATION_PREFERS_STRING_CATALOGS = YES;
				MTL_ENABLE_DEBUG_INFO = NO;
				MTL_FAST_MATH = YES;
				SDKROOT = iphoneos;
				SWIFT_COMPILATION_MODE = wholemodule;
				VALIDATE_PRODUCT = YES;
			};
			name = Release;
		};
		6723A4432B253B880009C45C /* Debug */ = {
			isa = XCBuildConfiguration;
			buildSettings = {
				ASSETCATALOG_COMPILER_APPICON_NAME = AppIcon;
				ASSETCATALOG_COMPILER_GLOBAL_ACCENT_COLOR_NAME = AccentColor;
				CODE_SIGN_STYLE = Automatic;
				CURRENT_PROJECT_VERSION = 1;
				DEVELOPMENT_ASSET_PATHS = "\"Loginfirebase/Preview Content\"";
				DEVELOPMENT_TEAM = 55B8HNX986;
				ENABLE_PREVIEWS = YES;
				GENERATE_INFOPLIST_FILE = YES;
				INFOPLIST_KEY_UIApplicationSceneManifest_Generation = YES;
				INFOPLIST_KEY_UIApplicationSupportsIndirectInputEvents = YES;
				INFOPLIST_KEY_UILaunchScreen_Generation = YES;
				INFOPLIST_KEY_UISupportedInterfaceOrientations_iPad = "UIInterfaceOrientationPortrait UIInterfaceOrientationPortraitUpsideDown UIInterfaceOrientationLandscapeLeft UIInterfaceOrientationLandscapeRight";
				INFOPLIST_KEY_UISupportedInterfaceOrientations_iPhone = "UIInterfaceOrientationPortrait UIInterfaceOrientationLandscapeLeft UIInterfaceOrientationLandscapeRight";
				LD_RUNPATH_SEARCH_PATHS = (
					"$(inherited)",
					"@executable_path/Frameworks",
				);
				MARKETING_VERSION = 1.0;
				PRODUCT_BUNDLE_IDENTIFIER = com.migliore.Loginfirebase;
				PRODUCT_NAME = "$(TARGET_NAME)";
				SWIFT_EMIT_LOC_STRINGS = YES;
				SWIFT_VERSION = 5.0;
				TARGETED_DEVICE_FAMILY = "1,2";
			};
			name = Debug;
		};
		6723A4442B253B880009C45C /* Release */ = {
			isa = XCBuildConfiguration;
			buildSettings = {
				ASSETCATALOG_COMPILER_APPICON_NAME = AppIcon;
				ASSETCATALOG_COMPILER_GLOBAL_ACCENT_COLOR_NAME = AccentColor;
				CODE_SIGN_STYLE = Automatic;
				CURRENT_PROJECT_VERSION = 1;
				DEVELOPMENT_ASSET_PATHS = "\"Loginfirebase/Preview Content\"";
				DEVELOPMENT_TEAM = 55B8HNX986;
				ENABLE_PREVIEWS = YES;
				GENERATE_INFOPLIST_FILE = YES;
				INFOPLIST_KEY_UIApplicationSceneManifest_Generation = YES;
				INFOPLIST_KEY_UIApplicationSupportsIndirectInputEvents = YES;
				INFOPLIST_KEY_UILaunchScreen_Generation = YES;
				INFOPLIST_KEY_UISupportedInterfaceOrientations_iPad = "UIInterfaceOrientationPortrait UIInterfaceOrientationPortraitUpsideDown UIInterfaceOrientationLandscapeLeft UIInterfaceOrientationLandscapeRight";
				INFOPLIST_KEY_UISupportedInterfaceOrientations_iPhone = "UIInterfaceOrientationPortrait UIInterfaceOrientationLandscapeLeft UIInterfaceOrientationLandscapeRight";
				LD_RUNPATH_SEARCH_PATHS = (
					"$(inherited)",
					"@executable_path/Frameworks",
				);
				MARKETING_VERSION = 1.0;
				PRODUCT_BUNDLE_IDENTIFIER = com.migliore.Loginfirebase;
				PRODUCT_NAME = "$(TARGET_NAME)";
				SWIFT_EMIT_LOC_STRINGS = YES;
				SWIFT_VERSION = 5.0;
				TARGETED_DEVICE_FAMILY = "1,2";
			};
			name = Release;
		};
/* End XCBuildConfiguration section */

/* Begin XCConfigurationList section */
		6723A42F2B253B870009C45C /* Build configuration list for PBXProject "Loginfirebase" */ = {
			isa = XCConfigurationList;
			buildConfigurations = (
				6723A4402B253B880009C45C /* Debug */,
				6723A4412B253B880009C45C /* Release */,
			);
			defaultConfigurationIsVisible = 0;
			defaultConfigurationName = Release;
		};
		6723A4422B253B880009C45C /* Build configuration list for PBXNativeTarget "Loginfirebase" */ = {
			isa = XCConfigurationList;
			buildConfigurations = (
				6723A4432B253B880009C45C /* Debug */,
				6723A4442B253B880009C45C /* Release */,
			);
			defaultConfigurationIsVisible = 0;
			defaultConfigurationName = Release;
		};
/* End XCConfigurationList section */

/* Begin XCRemoteSwiftPackageReference section */
		6723A44D2B253F170009C45C /* XCRemoteSwiftPackageReference "firebase-ios-sdk" */ = {
			isa = XCRemoteSwiftPackageReference;
			repositoryURL = "https://github.com/firebase/firebase-ios-sdk";
			requirement = {
				kind = upToNextMajorVersion;
				minimumVersion = 10.19.0;
			};
		};
/* End XCRemoteSwiftPackageReference section */

/* Begin XCSwiftPackageProductDependency section */
		6723A44E2B253F170009C45C /* FirebaseAnalytics */ = {
			isa = XCSwiftPackageProductDependency;
			package = 6723A44D2B253F170009C45C /* XCRemoteSwiftPackageReference "firebase-ios-sdk" */;
			productName = FirebaseAnalytics;
		};
		6723A4502B253F170009C45C /* FirebaseAnalyticsOnDeviceConversion */ = {
			isa = XCSwiftPackageProductDependency;
			package = 6723A44D2B253F170009C45C /* XCRemoteSwiftPackageReference "firebase-ios-sdk" */;
			productName = FirebaseAnalyticsOnDeviceConversion;
		};
		6723A4522B253F170009C45C /* FirebaseAnalyticsSwift */ = {
			isa = XCSwiftPackageProductDependency;
			package = 6723A44D2B253F170009C45C /* XCRemoteSwiftPackageReference "firebase-ios-sdk" */;
			productName = FirebaseAnalyticsSwift;
		};
		6723A4542B253F170009C45C /* FirebaseAnalyticsWithoutAdIdSupport */ = {
			isa = XCSwiftPackageProductDependency;
			package = 6723A44D2B253F170009C45C /* XCRemoteSwiftPackageReference "firebase-ios-sdk" */;
			productName = FirebaseAnalyticsWithoutAdIdSupport;
		};
		6723A4562B253F170009C45C /* FirebaseAppCheck */ = {
			isa = XCSwiftPackageProductDependency;
			package = 6723A44D2B253F170009C45C /* XCRemoteSwiftPackageReference "firebase-ios-sdk" */;
			productName = FirebaseAppCheck;
		};
		6723A4582B253F170009C45C /* FirebaseAppDistribution-Beta */ = {
			isa = XCSwiftPackageProductDependency;
			package = 6723A44D2B253F170009C45C /* XCRemoteSwiftPackageReference "firebase-ios-sdk" */;
			productName = "FirebaseAppDistribution-Beta";
		};
		6723A45A2B253F170009C45C /* FirebaseAuth */ = {
			isa = XCSwiftPackageProductDependency;
			package = 6723A44D2B253F170009C45C /* XCRemoteSwiftPackageReference "firebase-ios-sdk" */;
			productName = FirebaseAuth;
		};
		6723A45C2B253F170009C45C /* FirebaseAuthCombine-Community */ = {
			isa = XCSwiftPackageProductDependency;
			package = 6723A44D2B253F170009C45C /* XCRemoteSwiftPackageReference "firebase-ios-sdk" */;
			productName = "FirebaseAuthCombine-Community";
		};
		6723A45E2B253F170009C45C /* FirebaseCrashlytics */ = {
			isa = XCSwiftPackageProductDependency;
			package = 6723A44D2B253F170009C45C /* XCRemoteSwiftPackageReference "firebase-ios-sdk" */;
			productName = FirebaseCrashlytics;
		};
		6723A4602B253F170009C45C /* FirebaseDatabase */ = {
			isa = XCSwiftPackageProductDependency;
			package = 6723A44D2B253F170009C45C /* XCRemoteSwiftPackageReference "firebase-ios-sdk" */;
			productName = FirebaseDatabase;
		};
		6723A4622B253F170009C45C /* FirebaseDatabaseSwift */ = {
			isa = XCSwiftPackageProductDependency;
			package = 6723A44D2B253F170009C45C /* XCRemoteSwiftPackageReference "firebase-ios-sdk" */;
			productName = FirebaseDatabaseSwift;
		};
		6723A4642B253F170009C45C /* FirebaseDynamicLinks */ = {
			isa = XCSwiftPackageProductDependency;
			package = 6723A44D2B253F170009C45C /* XCRemoteSwiftPackageReference "firebase-ios-sdk" */;
			productName = FirebaseDynamicLinks;
		};
		6723A4662B253F170009C45C /* FirebaseFirestore */ = {
			isa = XCSwiftPackageProductDependency;
			package = 6723A44D2B253F170009C45C /* XCRemoteSwiftPackageReference "firebase-ios-sdk" */;
			productName = FirebaseFirestore;
		};
		6723A4682B253F170009C45C /* FirebaseFirestoreCombine-Community */ = {
			isa = XCSwiftPackageProductDependency;
			package = 6723A44D2B253F170009C45C /* XCRemoteSwiftPackageReference "firebase-ios-sdk" */;
			productName = "FirebaseFirestoreCombine-Community";
		};
		6723A46A2B253F170009C45C /* FirebaseFirestoreSwift */ = {
			isa = XCSwiftPackageProductDependency;
			package = 6723A44D2B253F170009C45C /* XCRemoteSwiftPackageReference "firebase-ios-sdk" */;
			productName = FirebaseFirestoreSwift;
		};
		6723A46C2B253F170009C45C /* FirebaseFunctions */ = {
			isa = XCSwiftPackageProductDependency;
			package = 6723A44D2B253F170009C45C /* XCRemoteSwiftPackageReference "firebase-ios-sdk" */;
			productName = FirebaseFunctions;
		};
		6723A46E2B253F170009C45C /* FirebaseFunctionsCombine-Community */ = {
			isa = XCSwiftPackageProductDependency;
			package = 6723A44D2B253F170009C45C /* XCRemoteSwiftPackageReference "firebase-ios-sdk" */;
			productName = "FirebaseFunctionsCombine-Community";
		};
		6723A4702B253F170009C45C /* FirebaseInAppMessaging-Beta */ = {
			isa = XCSwiftPackageProductDependency;
			package = 6723A44D2B253F170009C45C /* XCRemoteSwiftPackageReference "firebase-ios-sdk" */;
			productName = "FirebaseInAppMessaging-Beta";
		};
		6723A4722B253F170009C45C /* FirebaseInAppMessagingSwift-Beta */ = {
			isa = XCSwiftPackageProductDependency;
			package = 6723A44D2B253F170009C45C /* XCRemoteSwiftPackageReference "firebase-ios-sdk" */;
			productName = "FirebaseInAppMessagingSwift-Beta";
		};
		6723A4742B253F170009C45C /* FirebaseInstallations */ = {
			isa = XCSwiftPackageProductDependency;
			package = 6723A44D2B253F170009C45C /* XCRemoteSwiftPackageReference "firebase-ios-sdk" */;
			productName = FirebaseInstallations;
		};
		6723A4762B253F170009C45C /* FirebaseMLModelDownloader */ = {
			isa = XCSwiftPackageProductDependency;
			package = 6723A44D2B253F170009C45C /* XCRemoteSwiftPackageReference "firebase-ios-sdk" */;
			productName = FirebaseMLModelDownloader;
		};
		6723A4782B253F170009C45C /* FirebaseMessaging */ = {
			isa = XCSwiftPackageProductDependency;
			package = 6723A44D2B253F170009C45C /* XCRemoteSwiftPackageReference "firebase-ios-sdk" */;
			productName = FirebaseMessaging;
		};
		6723A47A2B253F170009C45C /* FirebasePerformance */ = {
			isa = XCSwiftPackageProductDependency;
			package = 6723A44D2B253F170009C45C /* XCRemoteSwiftPackageReference "firebase-ios-sdk" */;
			productName = FirebasePerformance;
		};
		6723A47C2B253F170009C45C /* FirebaseRemoteConfig */ = {
			isa = XCSwiftPackageProductDependency;
			package = 6723A44D2B253F170009C45C /* XCRemoteSwiftPackageReference "firebase-ios-sdk" */;
			productName = FirebaseRemoteConfig;
		};
		6723A47E2B253F170009C45C /* FirebaseRemoteConfigSwift */ = {
			isa = XCSwiftPackageProductDependency;
			package = 6723A44D2B253F170009C45C /* XCRemoteSwiftPackageReference "firebase-ios-sdk" */;
			productName = FirebaseRemoteConfigSwift;
		};
		6723A4802B253F170009C45C /* FirebaseStorage */ = {
			isa = XCSwiftPackageProductDependency;
			package = 6723A44D2B253F170009C45C /* XCRemoteSwiftPackageReference "firebase-ios-sdk" */;
			productName = FirebaseStorage;
		};
		6723A4822B253F170009C45C /* FirebaseStorageCombine-Community */ = {
			isa = XCSwiftPackageProductDependency;
			package = 6723A44D2B253F170009C45C /* XCRemoteSwiftPackageReference "firebase-ios-sdk" */;
			productName = "FirebaseStorageCombine-Community";
		};
/* End XCSwiftPackageProductDependency section */
	};
	rootObject = 6723A42C2B253B870009C45C /* Project object */;
}
